
Microsoft Visual Studio Solution File, Format Version 12.00
# Visual Studio Version 17
VisualStudioVersion = 17.1.32421.90
MinimumVisualStudioVersion = 10.0.40219.1
Project("{9A19103F-16F7-4668-BE54-9A1E7A4F7556}") = "FramwworkWpfApp", "FramwworkWpfApp\FramwworkWpfApp.csproj", "{59BF02CE-064D-4960-A517-EB5942AABDBD}"
EndProject
Project("{FAE04EC0-301F-11D3-BF4B-00C04F79EFBC}") = "FramwworkWpfApp.Test", "FramwworkWpfApp.Test\FramwworkWpfApp.Test.csproj", "{11433707-38C2-4114-B3AE-8DD5AC9AC56D}"
EndProject
Project("{C7167F0D-BC9F-4E6E-AFE1-012C56B48DB5}") = "FramwworkWpfApp.Package", "FramwworkWpfApp.Package\FramwworkWpfApp.Package.wapproj", "{901EEBB2-4DD2-457D-B01F-4B0184D89752}"
EndProject
Global
	GlobalSection(SolutionConfigurationPlatforms) = preSolution
		Debug|Any CPU = Debug|Any CPU
		Debug|ARM = Debug|ARM
		Debug|ARM64 = Debug|ARM64
		Debug|x64 = Debug|x64
		Debug|x86 = Debug|x86
		Release|Any CPU = Release|Any CPU
		Release|ARM = Release|ARM
		Release|ARM64 = Release|ARM64
		Release|x64 = Release|x64
		Release|x86 = Release|x86
	EndGlobalSection
	GlobalSection(ProjectConfigurationPlatforms) = postSolution
		{59BF02CE-064D-4960-A517-EB5942AABDBD}.Debug|Any CPU.ActiveCfg = Debug|Any CPU
		{59BF02CE-064D-4960-A517-EB5942AABDBD}.Debug|Any CPU.Build.0 = Debug|Any CPU
		{59BF02CE-064D-4960-A517-EB5942AABDBD}.Debug|ARM.ActiveCfg = Debug|Any CPU
		{59BF02CE-064D-4960-A517-EB5942AABDBD}.Debug|ARM.Build.0 = Debug|Any CPU
		{59BF02CE-064D-4960-A517-EB5942AABDBD}.Debug|ARM64.ActiveCfg = Debug|Any CPU
		{59BF02CE-064D-4960-A517-EB5942AABDBD}.Debug|ARM64.Build.0 = Debug|Any CPU
		{59BF02CE-064D-4960-A517-EB5942AABDBD}.Debug|x64.ActiveCfg = Debug|Any CPU
		{59BF02CE-064D-4960-A517-EB5942AABDBD}.Debug|x64.Build.0 = Debug|Any CPU
		{59BF02CE-064D-4960-A517-EB5942AABDBD}.Debug|x86.ActiveCfg = Debug|Any CPU
		{59BF02CE-064D-4960-A517-EB5942AABDBD}.Debug|x86.Build.0 = Debug|Any CPU
		{59BF02CE-064D-4960-A517-EB5942AABDBD}.Release|Any CPU.ActiveCfg = Release|Any CPU
		{59BF02CE-064D-4960-A517-EB5942AABDBD}.Release|Any CPU.Build.0 = Release|Any CPU
		{59BF02CE-064D-4960-A517-EB5942AABDBD}.Release|ARM.ActiveCfg = Release|Any CPU
		{59BF02CE-064D-4960-A517-EB5942AABDBD}.Release|ARM.Build.0 = Release|Any CPU
		{59BF02CE-064D-4960-A517-EB5942AABDBD}.Release|ARM64.ActiveCfg = Release|Any CPU
		{59BF02CE-064D-4960-A517-EB5942AABDBD}.Release|ARM64.Build.0 = Release|Any CPU
		{59BF02CE-064D-4960-A517-EB5942AABDBD}.Release|x64.ActiveCfg = Release|Any CPU
		{59BF02CE-064D-4960-A517-EB5942AABDBD}.Release|x64.Build.0 = Release|Any CPU
		{59BF02CE-064D-4960-A517-EB5942AABDBD}.Release|x86.ActiveCfg = Release|Any CPU
		{59BF02CE-064D-4960-A517-EB5942AABDBD}.Release|x86.Build.0 = Release|Any CPU
		{11433707-38C2-4114-B3AE-8DD5AC9AC56D}.Debug|Any CPU.ActiveCfg = Debug|Any CPU
		{11433707-38C2-4114-B3AE-8DD5AC9AC56D}.Debug|Any CPU.Build.0 = Debug|Any CPU
		{11433707-38C2-4114-B3AE-8DD5AC9AC56D}.Debug|ARM.ActiveCfg = Debug|Any CPU
		{11433707-38C2-4114-B3AE-8DD5AC9AC56D}.Debug|ARM.Build.0 = Debug|Any CPU
		{11433707-38C2-4114-B3AE-8DD5AC9AC56D}.Debug|ARM64.ActiveCfg = Debug|Any CPU
		{11433707-38C2-4114-B3AE-8DD5AC9AC56D}.Debug|ARM64.Build.0 = Debug|Any CPU
		{11433707-38C2-4114-B3AE-8DD5AC9AC56D}.Debug|x64.ActiveCfg = Debug|Any CPU
		{11433707-38C2-4114-B3AE-8DD5AC9AC56D}.Debug|x64.Build.0 = Debug|Any CPU
		{11433707-38C2-4114-B3AE-8DD5AC9AC56D}.Debug|x86.ActiveCfg = Debug|Any CPU
		{11433707-38C2-4114-B3AE-8DD5AC9AC56D}.Debug|x86.Build.0 = Debug|Any CPU
		{11433707-38C2-4114-B3AE-8DD5AC9AC56D}.Release|Any CPU.ActiveCfg = Release|Any CPU
		{11433707-38C2-4114-B3AE-8DD5AC9AC56D}.Release|Any CPU.Build.0 = Release|Any CPU
		{11433707-38C2-4114-B3AE-8DD5AC9AC56D}.Release|ARM.ActiveCfg = Release|Any CPU
		{11433707-38C2-4114-B3AE-8DD5AC9AC56D}.Release|ARM.Build.0 = Release|Any CPU
		{11433707-38C2-4114-B3AE-8DD5AC9AC56D}.Release|ARM64.ActiveCfg = Release|Any CPU
		{11433707-38C2-4114-B3AE-8DD5AC9AC56D}.Release|ARM64.Build.0 = Release|Any CPU
		{11433707-38C2-4114-B3AE-8DD5AC9AC56D}.Release|x64.ActiveCfg = Release|Any CPU
		{11433707-38C2-4114-B3AE-8DD5AC9AC56D}.Release|x64.Build.0 = Release|Any CPU
		{11433707-38C2-4114-B3AE-8DD5AC9AC56D}.Release|x86.ActiveCfg = Release|Any CPU
		{11433707-38C2-4114-B3AE-8DD5AC9AC56D}.Release|x86.Build.0 = Release|Any CPU
		{901EEBB2-4DD2-457D-B01F-4B0184D89752}.Debug|Any CPU.ActiveCfg = Debug|Any CPU
		{901EEBB2-4DD2-457D-B01F-4B0184D89752}.Debug|Any CPU.Build.0 = Debug|Any CPU
		{901EEBB2-4DD2-457D-B01F-4B0184D89752}.Debug|Any CPU.Deploy.0 = Debug|Any CPU
		{901EEBB2-4DD2-457D-B01F-4B0184D89752}.Debug|ARM.ActiveCfg = Debug|ARM
		{901EEBB2-4DD2-457D-B01F-4B0184D89752}.Debug|ARM.Build.0 = Debug|ARM
		{901EEBB2-4DD2-457D-B01F-4B0184D89752}.Debug|ARM.Deploy.0 = Debug|ARM
		{901EEBB2-4DD2-457D-B01F-4B0184D89752}.Debug|ARM64.ActiveCfg = Debug|ARM64
		{901EEBB2-4DD2-457D-B01F-4B0184D89752}.Debug|ARM64.Build.0 = Debug|ARM64
		{901EEBB2-4DD2-457D-B01F-4B0184D89752}.Debug|ARM64.Deploy.0 = Debug|ARM64
		{901EEBB2-4DD2-457D-B01F-4B0184D89752}.Debug|x64.ActiveCfg = Debug|x64
		{901EEBB2-4DD2-457D-B01F-4B0184D89752}.Debug|x64.Build.0 = Debug|x64
		{901EEBB2-4DD2-457D-B01F-4B0184D89752}.Debug|x64.Deploy.0 = Debug|x64
		{901EEBB2-4DD2-457D-B01F-4B0184D89752}.Debug|x86.ActiveCfg = Debug|x86
		{901EEBB2-4DD2-457D-B01F-4B0184D89752}.Debug|x86.Build.0 = Debug|x86
		{901EEBB2-4DD2-457D-B01F-4B0184D89752}.Debug|x86.Deploy.0 = Debug|x86
		{901EEBB2-4DD2-457D-B01F-4B0184D89752}.Release|Any CPU.ActiveCfg = Release|Any CPU
		{901EEBB2-4DD2-457D-B01F-4B0184D89752}.Release|Any CPU.Build.0 = Release|Any CPU
		{901EEBB2-4DD2-457D-B01F-4B0184D89752}.Release|Any CPU.Deploy.0 = Release|Any CPU
		{901EEBB2-4DD2-457D-B01F-4B0184D89752}.Release|ARM.ActiveCfg = Release|ARM
		{901EEBB2-4DD2-457D-B01F-4B0184D89752}.Release|ARM.Build.0 = Release|ARM
		{901EEBB2-4DD2-457D-B01F-4B0184D89752}.Release|ARM.Deploy.0 = Release|ARM
		{901EEBB2-4DD2-457D-B01F-4B0184D89752}.Release|ARM64.ActiveCfg = Release|ARM64
		{901EEBB2-4DD2-457D-B01F-4B0184D89752}.Release|ARM64.Build.0 = Release|ARM64
		{901EEBB2-4DD2-457D-B01F-4B0184D89752}.Release|ARM64.Deploy.0 = Release|ARM64
		{901EEBB2-4DD2-457D-B01F-4B0184D89752}.Release|x64.ActiveCfg = Release|x64
		{901EEBB2-4DD2-457D-B01F-4B0184D89752}.Release|x64.Build.0 = Release|x64
		{901EEBB2-4DD2-457D-B01F-4B0184D89752}.Release|x64.Deploy.0 = Release|x64
		{901EEBB2-4DD2-457D-B01F-4B0184D89752}.Release|x86.ActiveCfg = Release|x86
		{901EEBB2-4DD2-457D-B01F-4B0184D89752}.Release|x86.Build.0 = Release|x86
		{901EEBB2-4DD2-457D-B01F-4B0184D89752}.Release|x86.Deploy.0 = Release|x86
	EndGlobalSection
	GlobalSection(SolutionProperties) = preSolution
		HideSolutionNode = FALSE
	EndGlobalSection
	GlobalSection(ExtensibilityGlobals) = postSolution
		SolutionGuid = {002C86CA-EC34-4F8B-B747-1FF951959F70}
	EndGlobalSection
EndGlobal
